
Microsoft Visual Studio Solution File, Format Version 12.00
# Visual Studio 15
VisualStudioVersion = 15.0.28307.421
MinimumVisualStudioVersion = 10.0.40219.1
Project("{8BC9CEB8-8B4A-11D0-8D11-00A0C91BC942}") = "과제6 두구간의 겹쳐진길이", "과제6 두구간의 겹쳐진길이\과제6 두구간의 겹쳐진길이.vcxproj", "{CBCAD835-ACD0-4257-90C9-4BE78A093D3D}"
EndProject
Global
	GlobalSection(SolutionConfigurationPlatforms) = preSolution
		Debug|x64 = Debug|x64
		Debug|x86 = Debug|x86
		Release|x64 = Release|x64
		Release|x86 = Release|x86
	EndGlobalSection
	GlobalSection(ProjectConfigurationPlatforms) = postSolution
		{CBCAD835-ACD0-4257-90C9-4BE78A093D3D}.Debug|x64.ActiveCfg = Debug|x64
		{CBCAD835-ACD0-4257-90C9-4BE78A093D3D}.Debug|x64.Build.0 = Debug|x64
		{CBCAD835-ACD0-4257-90C9-4BE78A093D3D}.Debug|x86.ActiveCfg = Debug|Win32
		{CBCAD835-ACD0-4257-90C9-4BE78A093D3D}.Debug|x86.Build.0 = Debug|Win32
		{CBCAD835-ACD0-4257-90C9-4BE78A093D3D}.Release|x64.ActiveCfg = Release|x64
		{CBCAD835-ACD0-4257-90C9-4BE78A093D3D}.Release|x64.Build.0 = Release|x64
		{CBCAD835-ACD0-4257-90C9-4BE78A093D3D}.Release|x86.ActiveCfg = Release|Win32
		{CBCAD835-ACD0-4257-90C9-4BE78A093D3D}.Release|x86.Build.0 = Release|Win32
	EndGlobalSection
	GlobalSection(SolutionProperties) = preSolution
		HideSolutionNode = FALSE
	EndGlobalSection
	GlobalSection(ExtensibilityGlobals) = postSolution
		SolutionGuid = {BB8957C6-91A7-41CF-A641-35559F10D80A}
	EndGlobalSection
EndGlobal
