
Microsoft Visual Studio Solution File, Format Version 12.00
# Visual Studio 15
VisualStudioVersion = 15.0.28307.421
MinimumVisualStudioVersion = 10.0.40219.1
Project("{8BC9CEB8-8B4A-11D0-8D11-00A0C91BC942}") = "과제3 지그재그 출력", "과제3 지그재그 출력\과제3 지그재그 출력.vcxproj", "{79482DF2-0ACB-4DC2-9985-3F15A4226FEA}"
EndProject
Global
	GlobalSection(SolutionConfigurationPlatforms) = preSolution
		Debug|x64 = Debug|x64
		Debug|x86 = Debug|x86
		Release|x64 = Release|x64
		Release|x86 = Release|x86
	EndGlobalSection
	GlobalSection(ProjectConfigurationPlatforms) = postSolution
		{79482DF2-0ACB-4DC2-9985-3F15A4226FEA}.Debug|x64.ActiveCfg = Debug|x64
		{79482DF2-0ACB-4DC2-9985-3F15A4226FEA}.Debug|x64.Build.0 = Debug|x64
		{79482DF2-0ACB-4DC2-9985-3F15A4226FEA}.Debug|x86.ActiveCfg = Debug|Win32
		{79482DF2-0ACB-4DC2-9985-3F15A4226FEA}.Debug|x86.Build.0 = Debug|Win32
		{79482DF2-0ACB-4DC2-9985-3F15A4226FEA}.Release|x64.ActiveCfg = Release|x64
		{79482DF2-0ACB-4DC2-9985-3F15A4226FEA}.Release|x64.Build.0 = Release|x64
		{79482DF2-0ACB-4DC2-9985-3F15A4226FEA}.Release|x86.ActiveCfg = Release|Win32
		{79482DF2-0ACB-4DC2-9985-3F15A4226FEA}.Release|x86.Build.0 = Release|Win32
	EndGlobalSection
	GlobalSection(SolutionProperties) = preSolution
		HideSolutionNode = FALSE
	EndGlobalSection
	GlobalSection(ExtensibilityGlobals) = postSolution
		SolutionGuid = {9BB549D8-6386-4E73-8374-C407D3BFD583}
	EndGlobalSection
EndGlobal
